
Microsoft Visual Studio Solution File, Format Version 12.00
# Visual Studio Version 17
VisualStudioVersion = 17.11.35327.3
MinimumVisualStudioVersion = 10.0.40219.1
Project("{2150E333-8FDC-42A3-9474-1A3956D46DE8}") = "Task0", "Task0", "{F375F6F7-FA34-4F6B-8194-C94A8872DE2E}"
EndProject
Project("{FAE04EC0-301F-11D3-BF4B-00C04F79EFBC}") = "Tyuiu.RubanovEO.Sprint4.Task0.V20", "Tyuiu.RubanovEO.Sprint4.Task0.V20\Tyuiu.RubanovEO.Sprint4.Task0.V20.csproj", "{A45376E5-A1AB-4A75-934A-0ADF8D52E298}"
EndProject
Project("{FAE04EC0-301F-11D3-BF4B-00C04F79EFBC}") = "Tyuiu.RubanovEO.Sprint4.Task0.V20.Test", "Tyuiu.RubanovEO.Sprint4.Task0.V20.Test\Tyuiu.RubanovEO.Sprint4.Task0.V20.Test.csproj", "{22FBF381-C02E-4DFB-B602-28ADF440A818}"
EndProject
Project("{FAE04EC0-301F-11D3-BF4B-00C04F79EFBC}") = "Tyuiu.RubanovEO.Sprint4.Task0.V20.Lib", "Tyuiu.RubanovEO.Sprint4.Task0.V20.Lib\Tyuiu.RubanovEO.Sprint4.Task0.V20.Lib.csproj", "{555EF1B9-5EA2-41DA-97EE-BA0DB2173E6E}"
EndProject
Project("{2150E333-8FDC-42A3-9474-1A3956D46DE8}") = "Task1", "Task1", "{C1DFE6DF-20E8-4CF5-A298-A438B3C0BA5A}"
EndProject
Project("{FAE04EC0-301F-11D3-BF4B-00C04F79EFBC}") = "Tyuiu.RubanovEO.Sprint4.Task1.V21", "Tyuiu.RubanovEO.Sprint4.Task1.V21\Tyuiu.RubanovEO.Sprint4.Task1.V21.csproj", "{B3759E5E-36B8-42D8-9B13-3C1CFFE07A46}"
EndProject
Project("{FAE04EC0-301F-11D3-BF4B-00C04F79EFBC}") = "Tyuiu.RubanovEO.Sprint4.Task1.V21.Lib", "Tyuiu.RubanovEO.Sprint4.Task1.V21.Lib\Tyuiu.RubanovEO.Sprint4.Task1.V21.Lib.csproj", "{A4C7A92D-33AE-460B-9FDB-836406ED3A5C}"
EndProject
Project("{FAE04EC0-301F-11D3-BF4B-00C04F79EFBC}") = "Tyuiu.RubanovEO.Sprint4.Task1.V21.Test", "Tyuiu.RubanovEO.Sprint4.Task1.V21.Test\Tyuiu.RubanovEO.Sprint4.Task1.V21.Test.csproj", "{8A4CA725-E5EF-45A1-84E7-D350436EAD09}"
EndProject
Global
	GlobalSection(SolutionConfigurationPlatforms) = preSolution
		Debug|Any CPU = Debug|Any CPU
		Release|Any CPU = Release|Any CPU
	EndGlobalSection
	GlobalSection(ProjectConfigurationPlatforms) = postSolution
		{A45376E5-A1AB-4A75-934A-0ADF8D52E298}.Debug|Any CPU.ActiveCfg = Debug|Any CPU
		{A45376E5-A1AB-4A75-934A-0ADF8D52E298}.Debug|Any CPU.Build.0 = Debug|Any CPU
		{A45376E5-A1AB-4A75-934A-0ADF8D52E298}.Release|Any CPU.ActiveCfg = Release|Any CPU
		{A45376E5-A1AB-4A75-934A-0ADF8D52E298}.Release|Any CPU.Build.0 = Release|Any CPU
		{22FBF381-C02E-4DFB-B602-28ADF440A818}.Debug|Any CPU.ActiveCfg = Debug|Any CPU
		{22FBF381-C02E-4DFB-B602-28ADF440A818}.Debug|Any CPU.Build.0 = Debug|Any CPU
		{22FBF381-C02E-4DFB-B602-28ADF440A818}.Release|Any CPU.ActiveCfg = Release|Any CPU
		{22FBF381-C02E-4DFB-B602-28ADF440A818}.Release|Any CPU.Build.0 = Release|Any CPU
		{555EF1B9-5EA2-41DA-97EE-BA0DB2173E6E}.Debug|Any CPU.ActiveCfg = Debug|Any CPU
		{555EF1B9-5EA2-41DA-97EE-BA0DB2173E6E}.Debug|Any CPU.Build.0 = Debug|Any CPU
		{555EF1B9-5EA2-41DA-97EE-BA0DB2173E6E}.Release|Any CPU.ActiveCfg = Release|Any CPU
		{555EF1B9-5EA2-41DA-97EE-BA0DB2173E6E}.Release|Any CPU.Build.0 = Release|Any CPU
		{B3759E5E-36B8-42D8-9B13-3C1CFFE07A46}.Debug|Any CPU.ActiveCfg = Debug|Any CPU
		{B3759E5E-36B8-42D8-9B13-3C1CFFE07A46}.Debug|Any CPU.Build.0 = Debug|Any CPU
		{B3759E5E-36B8-42D8-9B13-3C1CFFE07A46}.Release|Any CPU.ActiveCfg = Release|Any CPU
		{B3759E5E-36B8-42D8-9B13-3C1CFFE07A46}.Release|Any CPU.Build.0 = Release|Any CPU
		{A4C7A92D-33AE-460B-9FDB-836406ED3A5C}.Debug|Any CPU.ActiveCfg = Debug|Any CPU
		{A4C7A92D-33AE-460B-9FDB-836406ED3A5C}.Debug|Any CPU.Build.0 = Debug|Any CPU
		{A4C7A92D-33AE-460B-9FDB-836406ED3A5C}.Release|Any CPU.ActiveCfg = Release|Any CPU
		{A4C7A92D-33AE-460B-9FDB-836406ED3A5C}.Release|Any CPU.Build.0 = Release|Any CPU
		{8A4CA725-E5EF-45A1-84E7-D350436EAD09}.Debug|Any CPU.ActiveCfg = Debug|Any CPU
		{8A4CA725-E5EF-45A1-84E7-D350436EAD09}.Debug|Any CPU.Build.0 = Debug|Any CPU
		{8A4CA725-E5EF-45A1-84E7-D350436EAD09}.Release|Any CPU.ActiveCfg = Release|Any CPU
		{8A4CA725-E5EF-45A1-84E7-D350436EAD09}.Release|Any CPU.Build.0 = Release|Any CPU
	EndGlobalSection
	GlobalSection(SolutionProperties) = preSolution
		HideSolutionNode = FALSE
	EndGlobalSection
	GlobalSection(NestedProjects) = preSolution
		{A45376E5-A1AB-4A75-934A-0ADF8D52E298} = {F375F6F7-FA34-4F6B-8194-C94A8872DE2E}
		{22FBF381-C02E-4DFB-B602-28ADF440A818} = {F375F6F7-FA34-4F6B-8194-C94A8872DE2E}
		{555EF1B9-5EA2-41DA-97EE-BA0DB2173E6E} = {F375F6F7-FA34-4F6B-8194-C94A8872DE2E}
		{B3759E5E-36B8-42D8-9B13-3C1CFFE07A46} = {C1DFE6DF-20E8-4CF5-A298-A438B3C0BA5A}
		{A4C7A92D-33AE-460B-9FDB-836406ED3A5C} = {C1DFE6DF-20E8-4CF5-A298-A438B3C0BA5A}
		{8A4CA725-E5EF-45A1-84E7-D350436EAD09} = {C1DFE6DF-20E8-4CF5-A298-A438B3C0BA5A}
	EndGlobalSection
	GlobalSection(ExtensibilityGlobals) = postSolution
		SolutionGuid = {2224C10B-53A3-4AAA-9F83-BEA96EFA0690}
	EndGlobalSection
EndGlobal
