
Microsoft Visual Studio Solution File, Format Version 12.00
# Visual Studio Version 17
VisualStudioVersion = 17.11.35327.3
MinimumVisualStudioVersion = 10.0.40219.1
Project("{2150E333-8FDC-42A3-9474-1A3956D46DE8}") = "Task0", "Task0", "{F375F6F7-FA34-4F6B-8194-C94A8872DE2E}"
EndProject
Project("{9A19103F-16F7-4668-BE54-9A1E7A4F7556}") = "Tyuiu.RubanovEO.Sprint4.Task0.V20", "Tyuiu.RubanovEO.Sprint4.Task0.V20\Tyuiu.RubanovEO.Sprint4.Task0.V20.csproj", "{A45376E5-A1AB-4A75-934A-0ADF8D52E298}"
EndProject
Project("{9A19103F-16F7-4668-BE54-9A1E7A4F7556}") = "Tyuiu.RubanovEO.Sprint4.Task0.V20.Test", "Tyuiu.RubanovEO.Sprint4.Task0.V20.Test\Tyuiu.RubanovEO.Sprint4.Task0.V20.Test.csproj", "{22FBF381-C02E-4DFB-B602-28ADF440A818}"
EndProject
Project("{9A19103F-16F7-4668-BE54-9A1E7A4F7556}") = "Tyuiu.RubanovEO.Sprint4.Task0.V20.Lib", "Tyuiu.RubanovEO.Sprint4.Task0.V20.Lib\Tyuiu.RubanovEO.Sprint4.Task0.V20.Lib.csproj", "{555EF1B9-5EA2-41DA-97EE-BA0DB2173E6E}"
EndProject
Project("{2150E333-8FDC-42A3-9474-1A3956D46DE8}") = "Task1", "Task1", "{C1DFE6DF-20E8-4CF5-A298-A438B3C0BA5A}"
EndProject
Project("{9A19103F-16F7-4668-BE54-9A1E7A4F7556}") = "Tyuiu.RubanovEO.Sprint4.Task1.V21", "Tyuiu.RubanovEO.Sprint4.Task1.V21\Tyuiu.RubanovEO.Sprint4.Task1.V21.csproj", "{B3759E5E-36B8-42D8-9B13-3C1CFFE07A46}"
EndProject
Project("{9A19103F-16F7-4668-BE54-9A1E7A4F7556}") = "Tyuiu.RubanovEO.Sprint4.Task1.V21.Lib", "Tyuiu.RubanovEO.Sprint4.Task1.V21.Lib\Tyuiu.RubanovEO.Sprint4.Task1.V21.Lib.csproj", "{A4C7A92D-33AE-460B-9FDB-836406ED3A5C}"
EndProject
Project("{9A19103F-16F7-4668-BE54-9A1E7A4F7556}") = "Tyuiu.RubanovEO.Sprint4.Task1.V21.Test", "Tyuiu.RubanovEO.Sprint4.Task1.V21.Test\Tyuiu.RubanovEO.Sprint4.Task1.V21.Test.csproj", "{8A4CA725-E5EF-45A1-84E7-D350436EAD09}"
EndProject
Project("{2150E333-8FDC-42A3-9474-1A3956D46DE8}") = "Task2", "Task2", "{84CF08D5-CE02-467F-B6C6-5A2DE6250E95}"
EndProject
Project("{9A19103F-16F7-4668-BE54-9A1E7A4F7556}") = "Tyuiu.RubanovEO.Sprint4.Task2.V6", "Tyuiu.RubanovEO.Sprint4.Task2.V6\Tyuiu.RubanovEO.Sprint4.Task2.V6.csproj", "{837471BF-A2E5-487D-B431-3231AD16940D}"
EndProject
Project("{9A19103F-16F7-4668-BE54-9A1E7A4F7556}") = "Tyuiu.RubanovEO.Sprint4.Task2.V6.Test", "Tyuiu.RubanovEO.Sprint4.Task2.V6.Test\Tyuiu.RubanovEO.Sprint4.Task2.V6.Test.csproj", "{EA1337C5-B00D-47DF-90BD-F9893C13D4D3}"
EndProject
Project("{9A19103F-16F7-4668-BE54-9A1E7A4F7556}") = "Tyuiu.RubanovEO.Sprint4.Task2.V6.Lib", "Tyuiu.RubanovEO.Sprint4.Task2.V6.Lib\Tyuiu.RubanovEO.Sprint4.Task2.V6.Lib.csproj", "{3AB93035-7C84-4584-B506-0364BB06E224}"
EndProject
Project("{2150E333-8FDC-42A3-9474-1A3956D46DE8}") = "Task3", "Task3", "{7073779F-13F1-49CD-B0E2-384B6492911E}"
EndProject
Project("{FAE04EC0-301F-11D3-BF4B-00C04F79EFBC}") = "Tyuiu.RubanovEO.Sprint4.Task3.V1", "Tyuiu.RubanovEO.Sprint4.Task3.V1\Tyuiu.RubanovEO.Sprint4.Task3.V1.csproj", "{DB89413B-A695-4B0C-8AD1-851361C665D5}"
EndProject
Project("{FAE04EC0-301F-11D3-BF4B-00C04F79EFBC}") = "Tyuiu.RubanovEO.Sprint4.Task3.V1.Lib", "Tyuiu.RubanovEO.Sprint4.Task3.V1.Lib\Tyuiu.RubanovEO.Sprint4.Task3.V1.Lib.csproj", "{B695F5CB-2292-497C-9CDA-0411AA8CDAE3}"
EndProject
Project("{FAE04EC0-301F-11D3-BF4B-00C04F79EFBC}") = "Tyuiu.RubanovEO.Sprint4.Task3.V1.Test", "Tyuiu.RubanovEO.Sprint4.Task3.V1.Test\Tyuiu.RubanovEO.Sprint4.Task3.V1.Test.csproj", "{7771A1DD-1D3E-4113-8058-67615A8B1644}"
EndProject
Project("{2150E333-8FDC-42A3-9474-1A3956D46DE8}") = "Task4", "Task4", "{75E5225F-1544-4428-B03E-2932C977F320}"
EndProject
Project("{FAE04EC0-301F-11D3-BF4B-00C04F79EFBC}") = "Tyuiu.RubanovEO.Sprint4.Task4.V25", "Tyuiu.RubanovEO.Sprint4.Task4.V25\Tyuiu.RubanovEO.Sprint4.Task4.V25.csproj", "{59E34273-A409-4D93-9CF1-6CBDC0B21A23}"
EndProject
Project("{FAE04EC0-301F-11D3-BF4B-00C04F79EFBC}") = "Tyuiu.RubanovEO.Sprint4.Task4.V25.Lib", "Tyuiu.RubanovEO.Sprint4.Task4.V25.Lib\Tyuiu.RubanovEO.Sprint4.Task4.V25.Lib.csproj", "{E0D5051A-CEA0-4618-AD3E-9ADA20671445}"
EndProject
Project("{FAE04EC0-301F-11D3-BF4B-00C04F79EFBC}") = "Tyuiu.RubanovEO.Sprint4.Task4.V25.Test", "Tyuiu.RubanovEO.Sprint4.Task4.V25.Task\Tyuiu.RubanovEO.Sprint4.Task4.V25.Test.csproj", "{1FC17892-ADFE-4E13-9808-EB94E672EEB7}"
EndProject
Global
	GlobalSection(SolutionConfigurationPlatforms) = preSolution
		Debug|Any CPU = Debug|Any CPU
		Release|Any CPU = Release|Any CPU
	EndGlobalSection
	GlobalSection(ProjectConfigurationPlatforms) = postSolution
		{A45376E5-A1AB-4A75-934A-0ADF8D52E298}.Debug|Any CPU.ActiveCfg = Debug|Any CPU
		{A45376E5-A1AB-4A75-934A-0ADF8D52E298}.Debug|Any CPU.Build.0 = Debug|Any CPU
		{A45376E5-A1AB-4A75-934A-0ADF8D52E298}.Release|Any CPU.ActiveCfg = Release|Any CPU
		{A45376E5-A1AB-4A75-934A-0ADF8D52E298}.Release|Any CPU.Build.0 = Release|Any CPU
		{22FBF381-C02E-4DFB-B602-28ADF440A818}.Debug|Any CPU.ActiveCfg = Debug|Any CPU
		{22FBF381-C02E-4DFB-B602-28ADF440A818}.Debug|Any CPU.Build.0 = Debug|Any CPU
		{22FBF381-C02E-4DFB-B602-28ADF440A818}.Release|Any CPU.ActiveCfg = Release|Any CPU
		{22FBF381-C02E-4DFB-B602-28ADF440A818}.Release|Any CPU.Build.0 = Release|Any CPU
		{555EF1B9-5EA2-41DA-97EE-BA0DB2173E6E}.Debug|Any CPU.ActiveCfg = Debug|Any CPU
		{555EF1B9-5EA2-41DA-97EE-BA0DB2173E6E}.Debug|Any CPU.Build.0 = Debug|Any CPU
		{555EF1B9-5EA2-41DA-97EE-BA0DB2173E6E}.Release|Any CPU.ActiveCfg = Release|Any CPU
		{555EF1B9-5EA2-41DA-97EE-BA0DB2173E6E}.Release|Any CPU.Build.0 = Release|Any CPU
		{B3759E5E-36B8-42D8-9B13-3C1CFFE07A46}.Debug|Any CPU.ActiveCfg = Debug|Any CPU
		{B3759E5E-36B8-42D8-9B13-3C1CFFE07A46}.Debug|Any CPU.Build.0 = Debug|Any CPU
		{B3759E5E-36B8-42D8-9B13-3C1CFFE07A46}.Release|Any CPU.ActiveCfg = Release|Any CPU
		{B3759E5E-36B8-42D8-9B13-3C1CFFE07A46}.Release|Any CPU.Build.0 = Release|Any CPU
		{A4C7A92D-33AE-460B-9FDB-836406ED3A5C}.Debug|Any CPU.ActiveCfg = Debug|Any CPU
		{A4C7A92D-33AE-460B-9FDB-836406ED3A5C}.Debug|Any CPU.Build.0 = Debug|Any CPU
		{A4C7A92D-33AE-460B-9FDB-836406ED3A5C}.Release|Any CPU.ActiveCfg = Release|Any CPU
		{A4C7A92D-33AE-460B-9FDB-836406ED3A5C}.Release|Any CPU.Build.0 = Release|Any CPU
		{8A4CA725-E5EF-45A1-84E7-D350436EAD09}.Debug|Any CPU.ActiveCfg = Debug|Any CPU
		{8A4CA725-E5EF-45A1-84E7-D350436EAD09}.Debug|Any CPU.Build.0 = Debug|Any CPU
		{8A4CA725-E5EF-45A1-84E7-D350436EAD09}.Release|Any CPU.ActiveCfg = Release|Any CPU
		{8A4CA725-E5EF-45A1-84E7-D350436EAD09}.Release|Any CPU.Build.0 = Release|Any CPU
		{837471BF-A2E5-487D-B431-3231AD16940D}.Debug|Any CPU.ActiveCfg = Debug|Any CPU
		{837471BF-A2E5-487D-B431-3231AD16940D}.Debug|Any CPU.Build.0 = Debug|Any CPU
		{837471BF-A2E5-487D-B431-3231AD16940D}.Release|Any CPU.ActiveCfg = Release|Any CPU
		{837471BF-A2E5-487D-B431-3231AD16940D}.Release|Any CPU.Build.0 = Release|Any CPU
		{EA1337C5-B00D-47DF-90BD-F9893C13D4D3}.Debug|Any CPU.ActiveCfg = Debug|Any CPU
		{EA1337C5-B00D-47DF-90BD-F9893C13D4D3}.Debug|Any CPU.Build.0 = Debug|Any CPU
		{EA1337C5-B00D-47DF-90BD-F9893C13D4D3}.Release|Any CPU.ActiveCfg = Release|Any CPU
		{EA1337C5-B00D-47DF-90BD-F9893C13D4D3}.Release|Any CPU.Build.0 = Release|Any CPU
		{3AB93035-7C84-4584-B506-0364BB06E224}.Debug|Any CPU.ActiveCfg = Debug|Any CPU
		{3AB93035-7C84-4584-B506-0364BB06E224}.Debug|Any CPU.Build.0 = Debug|Any CPU
		{3AB93035-7C84-4584-B506-0364BB06E224}.Release|Any CPU.ActiveCfg = Release|Any CPU
		{3AB93035-7C84-4584-B506-0364BB06E224}.Release|Any CPU.Build.0 = Release|Any CPU
		{DB89413B-A695-4B0C-8AD1-851361C665D5}.Debug|Any CPU.ActiveCfg = Debug|Any CPU
		{DB89413B-A695-4B0C-8AD1-851361C665D5}.Debug|Any CPU.Build.0 = Debug|Any CPU
		{DB89413B-A695-4B0C-8AD1-851361C665D5}.Release|Any CPU.ActiveCfg = Release|Any CPU
		{DB89413B-A695-4B0C-8AD1-851361C665D5}.Release|Any CPU.Build.0 = Release|Any CPU
		{B695F5CB-2292-497C-9CDA-0411AA8CDAE3}.Debug|Any CPU.ActiveCfg = Debug|Any CPU
		{B695F5CB-2292-497C-9CDA-0411AA8CDAE3}.Debug|Any CPU.Build.0 = Debug|Any CPU
		{B695F5CB-2292-497C-9CDA-0411AA8CDAE3}.Release|Any CPU.ActiveCfg = Release|Any CPU
		{B695F5CB-2292-497C-9CDA-0411AA8CDAE3}.Release|Any CPU.Build.0 = Release|Any CPU
		{7771A1DD-1D3E-4113-8058-67615A8B1644}.Debug|Any CPU.ActiveCfg = Debug|Any CPU
		{7771A1DD-1D3E-4113-8058-67615A8B1644}.Debug|Any CPU.Build.0 = Debug|Any CPU
		{7771A1DD-1D3E-4113-8058-67615A8B1644}.Release|Any CPU.ActiveCfg = Release|Any CPU
		{7771A1DD-1D3E-4113-8058-67615A8B1644}.Release|Any CPU.Build.0 = Release|Any CPU
		{59E34273-A409-4D93-9CF1-6CBDC0B21A23}.Debug|Any CPU.ActiveCfg = Debug|Any CPU
		{59E34273-A409-4D93-9CF1-6CBDC0B21A23}.Debug|Any CPU.Build.0 = Debug|Any CPU
		{59E34273-A409-4D93-9CF1-6CBDC0B21A23}.Release|Any CPU.ActiveCfg = Release|Any CPU
		{59E34273-A409-4D93-9CF1-6CBDC0B21A23}.Release|Any CPU.Build.0 = Release|Any CPU
		{E0D5051A-CEA0-4618-AD3E-9ADA20671445}.Debug|Any CPU.ActiveCfg = Debug|Any CPU
		{E0D5051A-CEA0-4618-AD3E-9ADA20671445}.Debug|Any CPU.Build.0 = Debug|Any CPU
		{E0D5051A-CEA0-4618-AD3E-9ADA20671445}.Release|Any CPU.ActiveCfg = Release|Any CPU
		{E0D5051A-CEA0-4618-AD3E-9ADA20671445}.Release|Any CPU.Build.0 = Release|Any CPU
		{1FC17892-ADFE-4E13-9808-EB94E672EEB7}.Debug|Any CPU.ActiveCfg = Debug|Any CPU
		{1FC17892-ADFE-4E13-9808-EB94E672EEB7}.Debug|Any CPU.Build.0 = Debug|Any CPU
		{1FC17892-ADFE-4E13-9808-EB94E672EEB7}.Release|Any CPU.ActiveCfg = Release|Any CPU
		{1FC17892-ADFE-4E13-9808-EB94E672EEB7}.Release|Any CPU.Build.0 = Release|Any CPU
	EndGlobalSection
	GlobalSection(SolutionProperties) = preSolution
		HideSolutionNode = FALSE
	EndGlobalSection
	GlobalSection(NestedProjects) = preSolution
		{A45376E5-A1AB-4A75-934A-0ADF8D52E298} = {F375F6F7-FA34-4F6B-8194-C94A8872DE2E}
		{22FBF381-C02E-4DFB-B602-28ADF440A818} = {F375F6F7-FA34-4F6B-8194-C94A8872DE2E}
		{555EF1B9-5EA2-41DA-97EE-BA0DB2173E6E} = {F375F6F7-FA34-4F6B-8194-C94A8872DE2E}
		{B3759E5E-36B8-42D8-9B13-3C1CFFE07A46} = {C1DFE6DF-20E8-4CF5-A298-A438B3C0BA5A}
		{A4C7A92D-33AE-460B-9FDB-836406ED3A5C} = {C1DFE6DF-20E8-4CF5-A298-A438B3C0BA5A}
		{8A4CA725-E5EF-45A1-84E7-D350436EAD09} = {C1DFE6DF-20E8-4CF5-A298-A438B3C0BA5A}
		{837471BF-A2E5-487D-B431-3231AD16940D} = {84CF08D5-CE02-467F-B6C6-5A2DE6250E95}
		{EA1337C5-B00D-47DF-90BD-F9893C13D4D3} = {84CF08D5-CE02-467F-B6C6-5A2DE6250E95}
		{3AB93035-7C84-4584-B506-0364BB06E224} = {84CF08D5-CE02-467F-B6C6-5A2DE6250E95}
		{DB89413B-A695-4B0C-8AD1-851361C665D5} = {7073779F-13F1-49CD-B0E2-384B6492911E}
		{B695F5CB-2292-497C-9CDA-0411AA8CDAE3} = {7073779F-13F1-49CD-B0E2-384B6492911E}
		{7771A1DD-1D3E-4113-8058-67615A8B1644} = {7073779F-13F1-49CD-B0E2-384B6492911E}
		{59E34273-A409-4D93-9CF1-6CBDC0B21A23} = {75E5225F-1544-4428-B03E-2932C977F320}
		{E0D5051A-CEA0-4618-AD3E-9ADA20671445} = {75E5225F-1544-4428-B03E-2932C977F320}
		{1FC17892-ADFE-4E13-9808-EB94E672EEB7} = {75E5225F-1544-4428-B03E-2932C977F320}
	EndGlobalSection
	GlobalSection(ExtensibilityGlobals) = postSolution
		SolutionGuid = {2224C10B-53A3-4AAA-9F83-BEA96EFA0690}
	EndGlobalSection
EndGlobal
